
Microsoft Visual Studio Solution File, Format Version 12.00
# Visual Studio 2012
Project("{8BC9CEB8-8B4A-11D0-8D11-00A0C91BC942}") = "hw3", "hw3\hw3.vcxproj", "{754DAA23-7E43-416D-88C7-8839C4741837}"
EndProject
Global
	GlobalSection(SolutionConfigurationPlatforms) = preSolution
		Debug|Win32 = Debug|Win32
		Release|Win32 = Release|Win32
	EndGlobalSection
	GlobalSection(ProjectConfigurationPlatforms) = postSolution
		{754DAA23-7E43-416D-88C7-8839C4741837}.Debug|Win32.ActiveCfg = Debug|Win32
		{754DAA23-7E43-416D-88C7-8839C4741837}.Debug|Win32.Build.0 = Debug|Win32
		{754DAA23-7E43-416D-88C7-8839C4741837}.Release|Win32.ActiveCfg = Release|Win32
		{754DAA23-7E43-416D-88C7-8839C4741837}.Release|Win32.Build.0 = Release|Win32
	EndGlobalSection
	GlobalSection(SolutionProperties) = preSolution
		HideSolutionNode = FALSE
	EndGlobalSection
	GlobalSection(Performance) = preSolution
		HasPerformanceSessions = true
	EndGlobalSection
EndGlobal
